
Microsoft Visual Studio Solution File, Format Version 12.00
# Visual Studio Version 17
VisualStudioVersion = 17.0.31919.166
MinimumVisualStudioVersion = 10.0.40219.1
Project("{FAE04EC0-301F-11D3-BF4B-00C04F79EFBC}") = "AiSP_NZ2_2021_2022", "AiSP_NZ2_2021_2022.csproj", "{A37695EF-54FB-48F9-A927-13E86D299FB8}"
EndProject
Global
	GlobalSection(SolutionConfigurationPlatforms) = preSolution
		Debug|Any CPU = Debug|Any CPU
		Release|Any CPU = Release|Any CPU
	EndGlobalSection
	GlobalSection(ProjectConfigurationPlatforms) = postSolution
		{A37695EF-54FB-48F9-A927-13E86D299FB8}.Debug|Any CPU.ActiveCfg = Debug|Any CPU
		{A37695EF-54FB-48F9-A927-13E86D299FB8}.Debug|Any CPU.Build.0 = Debug|Any CPU
		{A37695EF-54FB-48F9-A927-13E86D299FB8}.Release|Any CPU.ActiveCfg = Release|Any CPU
		{A37695EF-54FB-48F9-A927-13E86D299FB8}.Release|Any CPU.Build.0 = Release|Any CPU
	EndGlobalSection
	GlobalSection(SolutionProperties) = preSolution
		HideSolutionNode = FALSE
	EndGlobalSection
	GlobalSection(ExtensibilityGlobals) = postSolution
		SolutionGuid = {9314FCC8-AFC9-40B8-9957-83D57D4FDE52}
	EndGlobalSection
EndGlobal
